
Microsoft Visual Studio Solution File, Format Version 12.00
# Visual Studio Version 16
VisualStudioVersion = 16.0.29306.81
MinimumVisualStudioVersion = 10.0.40219.1
Project("{FAE04EC0-301F-11D3-BF4B-00C04F79EFBC}") = "teste1212", "teste1212\teste1212.csproj", "{BA5ACB85-B4B9-4BEE-9314-EA3C6FAE0FF8}"
EndProject
Global
	GlobalSection(SolutionConfigurationPlatforms) = preSolution
		Debug|Any CPU = Debug|Any CPU
		Release|Any CPU = Release|Any CPU
	EndGlobalSection
	GlobalSection(ProjectConfigurationPlatforms) = postSolution
		{BA5ACB85-B4B9-4BEE-9314-EA3C6FAE0FF8}.Debug|Any CPU.ActiveCfg = Debug|Any CPU
		{BA5ACB85-B4B9-4BEE-9314-EA3C6FAE0FF8}.Debug|Any CPU.Build.0 = Debug|Any CPU
		{BA5ACB85-B4B9-4BEE-9314-EA3C6FAE0FF8}.Release|Any CPU.ActiveCfg = Release|Any CPU
		{BA5ACB85-B4B9-4BEE-9314-EA3C6FAE0FF8}.Release|Any CPU.Build.0 = Release|Any CPU
	EndGlobalSection
	GlobalSection(SolutionProperties) = preSolution
		HideSolutionNode = FALSE
	EndGlobalSection
	GlobalSection(ExtensibilityGlobals) = postSolution
		SolutionGuid = {1234CCCB-FD66-4BE4-9A8C-57900FA18C8C}
	EndGlobalSection
EndGlobal
